
Microsoft Visual Studio Solution File, Format Version 12.00
# Visual Studio Version 17
VisualStudioVersion = 17.6.33829.357
MinimumVisualStudioVersion = 10.0.40219.1
Project("{FAE04EC0-301F-11D3-BF4B-00C04F79EFBC}") = "IotApp", "IotApp\IotApp.csproj", "{19C5B1D5-7620-457D-B49C-6CC806B75A28}"
EndProject
Project("{FAE04EC0-301F-11D3-BF4B-00C04F79EFBC}") = "IotLib", "ClassLibrary1\IotLib.csproj", "{21D1A42E-BFFB-44DD-B69A-374F23309246}"
EndProject
Global
	GlobalSection(SolutionConfigurationPlatforms) = preSolution
		Debug|Any CPU = Debug|Any CPU
		Release|Any CPU = Release|Any CPU
	EndGlobalSection
	GlobalSection(ProjectConfigurationPlatforms) = postSolution
		{19C5B1D5-7620-457D-B49C-6CC806B75A28}.Debug|Any CPU.ActiveCfg = Debug|Any CPU
		{19C5B1D5-7620-457D-B49C-6CC806B75A28}.Debug|Any CPU.Build.0 = Debug|Any CPU
		{19C5B1D5-7620-457D-B49C-6CC806B75A28}.Release|Any CPU.ActiveCfg = Release|Any CPU
		{19C5B1D5-7620-457D-B49C-6CC806B75A28}.Release|Any CPU.Build.0 = Release|Any CPU
		{21D1A42E-BFFB-44DD-B69A-374F23309246}.Debug|Any CPU.ActiveCfg = Debug|Any CPU
		{21D1A42E-BFFB-44DD-B69A-374F23309246}.Debug|Any CPU.Build.0 = Debug|Any CPU
		{21D1A42E-BFFB-44DD-B69A-374F23309246}.Release|Any CPU.ActiveCfg = Release|Any CPU
		{21D1A42E-BFFB-44DD-B69A-374F23309246}.Release|Any CPU.Build.0 = Release|Any CPU
	EndGlobalSection
	GlobalSection(SolutionProperties) = preSolution
		HideSolutionNode = FALSE
	EndGlobalSection
	GlobalSection(ExtensibilityGlobals) = postSolution
		SolutionGuid = {F8E036EE-6782-4AEF-83AC-4B85D98932E8}
	EndGlobalSection
EndGlobal
